// !$*UTF8*$!
{
	archiveVersion = 1;
	classes = {
	};
	objectVersion = 56;
	objects = {

/* Begin PBXBuildFile section */
		D9F3706529DD016F00B1B727 /* WorldPopulationApp.swift in Sources */ = {isa = PBXBuildFile; fileRef = D9F3706429DD016F00B1B727 /* WorldPopulationApp.swift */; };
		D9F3706729DD016F00B1B727 /* ContentView.swift in Sources */ = {isa = PBXBuildFile; fileRef = D9F3706629DD016F00B1B727 /* ContentView.swift */; };
		D9F3706929DD017100B1B727 /* Assets.xcassets in Resources */ = {isa = PBXBuildFile; fileRef = D9F3706829DD017100B1B727 /* Assets.xcassets */; };
		D9F3706D29DD017100B1B727 /* Preview Assets.xcassets in Resources */ = {isa = PBXBuildFile; fileRef = D9F3706C29DD017100B1B727 /* Preview Assets.xcassets */; };
		D9F3707429DD01AE00B1B727 /* WorldPopulation.swift in Sources */ = {isa = PBXBuildFile; fileRef = D9F3707329DD01AE00B1B727 /* WorldPopulation.swift */; };
		D9F3707629DD01CE00B1B727 /* WorldPopulationService.swift in Sources */ = {isa = PBXBuildFile; fileRef = D9F3707529DD01CE00B1B727 /* WorldPopulationService.swift */; };
		D9F3707829DD07C200B1B727 /* SearchBar.swift in Sources */ = {isa = PBXBuildFile; fileRef = D9F3707729DD07C200B1B727 /* SearchBar.swift */; };
		D9F3707A29DD096F00B1B727 /* HistoricalDataView.swift in Sources */ = {isa = PBXBuildFile; fileRef = D9F3707929DD096F00B1B727 /* HistoricalDataView.swift */; };
		D9F3707E29DD234C00B1B727 /* HistoricalDataRow.swift in Sources */ = {isa = PBXBuildFile; fileRef = D9F3707D29DD234C00B1B727 /* HistoricalDataRow.swift */; };
		D9F3708029DD2BAB00B1B727 /* BackgroundGradientView.swift in Sources */ = {isa = PBXBuildFile; fileRef = D9F3707F29DD2BAB00B1B727 /* BackgroundGradientView.swift */; };
		D9F3708329DD2D2300B1B727 /* SDWebImageSwiftUI in Frameworks */ = {isa = PBXBuildFile; productRef = D9F3708229DD2D2300B1B727 /* SDWebImageSwiftUI */; };
		D9F3708529DD2F3A00B1B727 /* CountrySuggestionRow.swift in Sources */ = {isa = PBXBuildFile; fileRef = D9F3708429DD2F3A00B1B727 /* CountrySuggestionRow.swift */; };
		D9F3708729DD2F5600B1B727 /* CountrySearchSuggestions.swift in Sources */ = {isa = PBXBuildFile; fileRef = D9F3708629DD2F5600B1B727 /* CountrySearchSuggestions.swift */; };
		D9F3708929DD300800B1B727 /* Country.swift in Sources */ = {isa = PBXBuildFile; fileRef = D9F3708829DD300800B1B727 /* Country.swift */; };
/* End PBXBuildFile section */

/* Begin PBXFileReference section */
		D9F3706129DD016F00B1B727 /* WorldPopulation.app */ = {isa = PBXFileReference; explicitFileType = wrapper.application; includeInIndex = 0; path = WorldPopulation.app; sourceTree = BUILT_PRODUCTS_DIR; };
		D9F3706429DD016F00B1B727 /* WorldPopulationApp.swift */ = {isa = PBXFileReference; lastKnownFileType = sourcecode.swift; path = WorldPopulationApp.swift; sourceTree = "<group>"; };
		D9F3706629DD016F00B1B727 /* ContentView.swift */ = {isa = PBXFileReference; lastKnownFileType = sourcecode.swift; path = ContentView.swift; sourceTree = "<group>"; };
		D9F3706829DD017100B1B727 /* Assets.xcassets */ = {isa = PBXFileReference; lastKnownFileType = folder.assetcatalog; path = Assets.xcassets; sourceTree = "<group>"; };
		D9F3706A29DD017100B1B727 /* WorldPopulation.entitlements */ = {isa = PBXFileReference; lastKnownFileType = text.plist.entitlements; path = WorldPopulation.entitlements; sourceTree = "<group>"; };
		D9F3706C29DD017100B1B727 /* Preview Assets.xcassets */ = {isa = PBXFileReference; lastKnownFileType = folder.assetcatalog; path = "Preview Assets.xcassets"; sourceTree = "<group>"; };
		D9F3707329DD01AE00B1B727 /* WorldPopulation.swift */ = {isa = PBXFileReference; lastKnownFileType = sourcecode.swift; path = WorldPopulation.swift; sourceTree = "<group>"; };
		D9F3707529DD01CE00B1B727 /* WorldPopulationService.swift */ = {isa = PBXFileReference; lastKnownFileType = sourcecode.swift; path = WorldPopulationService.swift; sourceTree = "<group>"; };
		D9F3707729DD07C200B1B727 /* SearchBar.swift */ = {isa = PBXFileReference; lastKnownFileType = sourcecode.swift; path = SearchBar.swift; sourceTree = "<group>"; };
		D9F3707929DD096F00B1B727 /* HistoricalDataView.swift */ = {isa = PBXFileReference; lastKnownFileType = sourcecode.swift; path = HistoricalDataView.swift; sourceTree = "<group>"; };
		D9F3707D29DD234C00B1B727 /* HistoricalDataRow.swift */ = {isa = PBXFileReference; lastKnownFileType = sourcecode.swift; path = HistoricalDataRow.swift; sourceTree = "<group>"; };
		D9F3707F29DD2BAB00B1B727 /* BackgroundGradientView.swift */ = {isa = PBXFileReference; lastKnownFileType = sourcecode.swift; path = BackgroundGradientView.swift; sourceTree = "<group>"; };
		D9F3708429DD2F3A00B1B727 /* CountrySuggestionRow.swift */ = {isa = PBXFileReference; lastKnownFileType = sourcecode.swift; path = CountrySuggestionRow.swift; sourceTree = "<group>"; };
		D9F3708629DD2F5600B1B727 /* CountrySearchSuggestions.swift */ = {isa = PBXFileReference; lastKnownFileType = sourcecode.swift; path = CountrySearchSuggestions.swift; sourceTree = "<group>"; };
		D9F3708829DD300800B1B727 /* Country.swift */ = {isa = PBXFileReference; lastKnownFileType = sourcecode.swift; path = Country.swift; sourceTree = "<group>"; };
/* End PBXFileReference section */

/* Begin PBXFrameworksBuildPhase section */
		D9F3705E29DD016F00B1B727 /* Frameworks */ = {
			isa = PBXFrameworksBuildPhase;
			buildActionMask = 2147483647;
			files = (
				D9F3708329DD2D2300B1B727 /* SDWebImageSwiftUI in Frameworks */,
			);
			runOnlyForDeploymentPostprocessing = 0;
		};
/* End PBXFrameworksBuildPhase section */

/* Begin PBXGroup section */
		D9F3705829DD016F00B1B727 = {
			isa = PBXGroup;
			children = (
				D9F3706329DD016F00B1B727 /* WorldPopulation */,
				D9F3706229DD016F00B1B727 /* Products */,
			);
			sourceTree = "<group>";
		};
		D9F3706229DD016F00B1B727 /* Products */ = {
			isa = PBXGroup;
			children = (
				D9F3706129DD016F00B1B727 /* WorldPopulation.app */,
			);
			name = Products;
			sourceTree = "<group>";
		};
		D9F3706329DD016F00B1B727 /* WorldPopulation */ = {
			isa = PBXGroup;
			children = (
				D9F3706429DD016F00B1B727 /* WorldPopulationApp.swift */,
				D9F3707329DD01AE00B1B727 /* WorldPopulation.swift */,
				D9F3708A29DE494B00B1B727 /* View */,
				D9F3708B29DE496C00B1B727 /* Data */,
				D9F3706829DD017100B1B727 /* Assets.xcassets */,
				D9F3706A29DD017100B1B727 /* WorldPopulation.entitlements */,
				D9F3706B29DD017100B1B727 /* Preview Content */,
			);
			path = WorldPopulation;
			sourceTree = "<group>";
		};
		D9F3706B29DD017100B1B727 /* Preview Content */ = {
			isa = PBXGroup;
			children = (
				D9F3706C29DD017100B1B727 /* Preview Assets.xcassets */,
			);
			path = "Preview Content";
			sourceTree = "<group>";
		};
		D9F3708A29DE494B00B1B727 /* View */ = {
			isa = PBXGroup;
			children = (
				D9F3706629DD016F00B1B727 /* ContentView.swift */,
				D9F3707929DD096F00B1B727 /* HistoricalDataView.swift */,
				D9F3707F29DD2BAB00B1B727 /* BackgroundGradientView.swift */,
				D9F3707729DD07C200B1B727 /* SearchBar.swift */,
			);
			path = View;
			sourceTree = "<group>";
		};
		D9F3708B29DE496C00B1B727 /* Data */ = {
			isa = PBXGroup;
			children = (
				D9F3707529DD01CE00B1B727 /* WorldPopulationService.swift */,
				D9F3707D29DD234C00B1B727 /* HistoricalDataRow.swift */,
				D9F3708629DD2F5600B1B727 /* CountrySearchSuggestions.swift */,
				D9F3708829DD300800B1B727 /* Country.swift */,
				D9F3708429DD2F3A00B1B727 /* CountrySuggestionRow.swift */,
			);
			path = Data;
			sourceTree = "<group>";
		};
/* End PBXGroup section */

/* Begin PBXNativeTarget section */
		D9F3706029DD016F00B1B727 /* WorldPopulation */ = {
			isa = PBXNativeTarget;
			buildConfigurationList = D9F3707029DD017100B1B727 /* Build configuration list for PBXNativeTarget "WorldPopulation" */;
			buildPhases = (
				D9F3705D29DD016F00B1B727 /* Sources */,
				D9F3705E29DD016F00B1B727 /* Frameworks */,
				D9F3705F29DD016F00B1B727 /* Resources */,
			);
			buildRules = (
			);
			dependencies = (
			);
			name = WorldPopulation;
			packageProductDependencies = (
				D9F3708229DD2D2300B1B727 /* SDWebImageSwiftUI */,
			);
			productName = WorldPopulation;
			productReference = D9F3706129DD016F00B1B727 /* WorldPopulation.app */;
			productType = "com.apple.product-type.application";
		};
/* End PBXNativeTarget section */

/* Begin PBXProject section */
		D9F3705929DD016F00B1B727 /* Project object */ = {
			isa = PBXProject;
			attributes = {
				BuildIndependentTargetsInParallel = 1;
				LastSwiftUpdateCheck = 1430;
				LastUpgradeCheck = 1430;
				TargetAttributes = {
					D9F3706029DD016F00B1B727 = {
						CreatedOnToolsVersion = 14.3;
					};
				};
			};
			buildConfigurationList = D9F3705C29DD016F00B1B727 /* Build configuration list for PBXProject "WorldPopulation" */;
			compatibilityVersion = "Xcode 14.0";
			developmentRegion = en;
			hasScannedForEncodings = 0;
			knownRegions = (
				en,
				Base,
			);
			mainGroup = D9F3705829DD016F00B1B727;
			packageReferences = (
				D9F3708129DD2D2300B1B727 /* XCRemoteSwiftPackageReference "SDWebImageSwiftUI" */,
			);
			productRefGroup = D9F3706229DD016F00B1B727 /* Products */;
			projectDirPath = "";
			projectRoot = "";
			targets = (
				D9F3706029DD016F00B1B727 /* WorldPopulation */,
			);
		};
/* End PBXProject section */

/* Begin PBXResourcesBuildPhase section */
		D9F3705F29DD016F00B1B727 /* Resources */ = {
			isa = PBXResourcesBuildPhase;
			buildActionMask = 2147483647;
			files = (
				D9F3706D29DD017100B1B727 /* Preview Assets.xcassets in Resources */,
				D9F3706929DD017100B1B727 /* Assets.xcassets in Resources */,
			);
			runOnlyForDeploymentPostprocessing = 0;
		};
/* End PBXResourcesBuildPhase section */

/* Begin PBXSourcesBuildPhase section */
		D9F3705D29DD016F00B1B727 /* Sources */ = {
			isa = PBXSourcesBuildPhase;
			buildActionMask = 2147483647;
			files = (
				D9F3707A29DD096F00B1B727 /* HistoricalDataView.swift in Sources */,
				D9F3707429DD01AE00B1B727 /* WorldPopulation.swift in Sources */,
				D9F3706729DD016F00B1B727 /* ContentView.swift in Sources */,
				D9F3707829DD07C200B1B727 /* SearchBar.swift in Sources */,
				D9F3708929DD300800B1B727 /* Country.swift in Sources */,
				D9F3706529DD016F00B1B727 /* WorldPopulationApp.swift in Sources */,
				D9F3707629DD01CE00B1B727 /* WorldPopulationService.swift in Sources */,
				D9F3708029DD2BAB00B1B727 /* BackgroundGradientView.swift in Sources */,
				D9F3707E29DD234C00B1B727 /* HistoricalDataRow.swift in Sources */,
				D9F3708529DD2F3A00B1B727 /* CountrySuggestionRow.swift in Sources */,
				D9F3708729DD2F5600B1B727 /* CountrySearchSuggestions.swift in Sources */,
			);
			runOnlyForDeploymentPostprocessing = 0;
		};
/* End PBXSourcesBuildPhase section */

/* Begin XCBuildConfiguration section */
		D9F3706E29DD017100B1B727 /* Debug */ = {
			isa = XCBuildConfiguration;
			buildSettings = {
				ALWAYS_SEARCH_USER_PATHS = NO;
				CLANG_ANALYZER_NONNULL = YES;
				CLANG_ANALYZER_NUMBER_OBJECT_CONVERSION = YES_AGGRESSIVE;
				CLANG_CXX_LANGUAGE_STANDARD = "gnu++20";
				CLANG_ENABLE_MODULES = YES;
				CLANG_ENABLE_OBJC_ARC = YES;
				CLANG_ENABLE_OBJC_WEAK = YES;
				CLANG_WARN_BLOCK_CAPTURE_AUTORELEASING = YES;
				CLANG_WARN_BOOL_CONVERSION = YES;
				CLANG_WARN_COMMA = YES;
				CLANG_WARN_CONSTANT_CONVERSION = YES;
				CLANG_WARN_DEPRECATED_OBJC_IMPLEMENTATIONS = YES;
				CLANG_WARN_DIRECT_OBJC_ISA_USAGE = YES_ERROR;
				CLANG_WARN_DOCUMENTATION_COMMENTS = YES;
				CLANG_WARN_EMPTY_BODY = YES;
				CLANG_WARN_ENUM_CONVERSION = YES;
				CLANG_WARN_INFINITE_RECURSION = YES;
				CLANG_WARN_INT_CONVERSION = YES;
				CLANG_WARN_NON_LITERAL_NULL_CONVERSION = YES;
				CLANG_WARN_OBJC_IMPLICIT_RETAIN_SELF = YES;
				CLANG_WARN_OBJC_LITERAL_CONVERSION = YES;
				CLANG_WARN_OBJC_ROOT_CLASS = YES_ERROR;
				CLANG_WARN_QUOTED_INCLUDE_IN_FRAMEWORK_HEADER = YES;
				CLANG_WARN_RANGE_LOOP_ANALYSIS = YES;
				CLANG_WARN_STRICT_PROTOTYPES = YES;
				CLANG_WARN_SUSPICIOUS_MOVE = YES;
				CLANG_WARN_UNGUARDED_AVAILABILITY = YES_AGGRESSIVE;
				CLANG_WARN_UNREACHABLE_CODE = YES;
				CLANG_WARN__DUPLICATE_METHOD_MATCH = YES;
				COPY_PHASE_STRIP = NO;
				DEBUG_INFORMATION_FORMAT = dwarf;
				ENABLE_STRICT_OBJC_MSGSEND = YES;
				ENABLE_TESTABILITY = YES;
				GCC_C_LANGUAGE_STANDARD = gnu11;
				GCC_DYNAMIC_NO_PIC = NO;
				GCC_NO_COMMON_BLOCKS = YES;
				GCC_OPTIMIZATION_LEVEL = 0;
				GCC_PREPROCESSOR_DEFINITIONS = (
					"DEBUG=1",
					"$(inherited)",
				);
				GCC_WARN_64_TO_32_BIT_CONVERSION = YES;
				GCC_WARN_ABOUT_RETURN_TYPE = YES_ERROR;
				GCC_WARN_UNDECLARED_SELECTOR = YES;
				GCC_WARN_UNINITIALIZED_AUTOS = YES_AGGRESSIVE;
				GCC_WARN_UNUSED_FUNCTION = YES;
				GCC_WARN_UNUSED_VARIABLE = YES;
				MTL_ENABLE_DEBUG_INFO = INCLUDE_SOURCE;
				MTL_FAST_MATH = YES;
				ONLY_ACTIVE_ARCH = YES;
				SWIFT_ACTIVE_COMPILATION_CONDITIONS = DEBUG;
				SWIFT_OPTIMIZATION_LEVEL = "-Onone";
			};
			name = Debug;
		};
		D9F3706F29DD017100B1B727 /* Release */ = {
			isa = XCBuildConfiguration;
			buildSettings = {
				ALWAYS_SEARCH_USER_PATHS = NO;
				CLANG_ANALYZER_NONNULL = YES;
				CLANG_ANALYZER_NUMBER_OBJECT_CONVERSION = YES_AGGRESSIVE;
				CLANG_CXX_LANGUAGE_STANDARD = "gnu++20";
				CLANG_ENABLE_MODULES = YES;
				CLANG_ENABLE_OBJC_ARC = YES;
				CLANG_ENABLE_OBJC_WEAK = YES;
				CLANG_WARN_BLOCK_CAPTURE_AUTORELEASING = YES;
				CLANG_WARN_BOOL_CONVERSION = YES;
				CLANG_WARN_COMMA = YES;
				CLANG_WARN_CONSTANT_CONVERSION = YES;
				CLANG_WARN_DEPRECATED_OBJC_IMPLEMENTATIONS = YES;
				CLANG_WARN_DIRECT_OBJC_ISA_USAGE = YES_ERROR;
				CLANG_WARN_DOCUMENTATION_COMMENTS = YES;
				CLANG_WARN_EMPTY_BODY = YES;
				CLANG_WARN_ENUM_CONVERSION = YES;
				CLANG_WARN_INFINITE_RECURSION = YES;
				CLANG_WARN_INT_CONVERSION = YES;
				CLANG_WARN_NON_LITERAL_NULL_CONVERSION = YES;
				CLANG_WARN_OBJC_IMPLICIT_RETAIN_SELF = YES;
				CLANG_WARN_OBJC_LITERAL_CONVERSION = YES;
				CLANG_WARN_OBJC_ROOT_CLASS = YES_ERROR;
				CLANG_WARN_QUOTED_INCLUDE_IN_FRAMEWORK_HEADER = YES;
				CLANG_WARN_RANGE_LOOP_ANALYSIS = YES;
				CLANG_WARN_STRICT_PROTOTYPES = YES;
				CLANG_WARN_SUSPICIOUS_MOVE = YES;
				CLANG_WARN_UNGUARDED_AVAILABILITY = YES_AGGRESSIVE;
				CLANG_WARN_UNREACHABLE_CODE = YES;
				CLANG_WARN__DUPLICATE_METHOD_MATCH = YES;
				COPY_PHASE_STRIP = NO;
				DEBUG_INFORMATION_FORMAT = "dwarf-with-dsym";
				ENABLE_NS_ASSERTIONS = NO;
				ENABLE_STRICT_OBJC_MSGSEND = YES;
				GCC_C_LANGUAGE_STANDARD = gnu11;
				GCC_NO_COMMON_BLOCKS = YES;
				GCC_WARN_64_TO_32_BIT_CONVERSION = YES;
				GCC_WARN_ABOUT_RETURN_TYPE = YES_ERROR;
				GCC_WARN_UNDECLARED_SELECTOR = YES;
				GCC_WARN_UNINITIALIZED_AUTOS = YES_AGGRESSIVE;
				GCC_WARN_UNUSED_FUNCTION = YES;
				GCC_WARN_UNUSED_VARIABLE = YES;
				MTL_ENABLE_DEBUG_INFO = NO;
				MTL_FAST_MATH = YES;
				SWIFT_COMPILATION_MODE = wholemodule;
				SWIFT_OPTIMIZATION_LEVEL = "-O";
			};
			name = Release;
		};
		D9F3707129DD017100B1B727 /* Debug */ = {
			isa = XCBuildConfiguration;
			buildSettings = {
				ASSETCATALOG_COMPILER_APPICON_NAME = AppIcon;
				ASSETCATALOG_COMPILER_GLOBAL_ACCENT_COLOR_NAME = AccentColor;
				CODE_SIGN_ENTITLEMENTS = WorldPopulation/WorldPopulation.entitlements;
				CODE_SIGN_STYLE = Automatic;
				CURRENT_PROJECT_VERSION = 1;
				DEVELOPMENT_ASSET_PATHS = "\"WorldPopulation/Preview Content\"";
				DEVELOPMENT_TEAM = V8SF8848QZ;
				ENABLE_HARDENED_RUNTIME = YES;
				ENABLE_PREVIEWS = YES;
				GENERATE_INFOPLIST_FILE = YES;
				"INFOPLIST_KEY_UIApplicationSceneManifest_Generation[sdk=iphoneos*]" = YES;
				"INFOPLIST_KEY_UIApplicationSceneManifest_Generation[sdk=iphonesimulator*]" = YES;
				"INFOPLIST_KEY_UIApplicationSupportsIndirectInputEvents[sdk=iphoneos*]" = YES;
				"INFOPLIST_KEY_UIApplicationSupportsIndirectInputEvents[sdk=iphonesimulator*]" = YES;
				"INFOPLIST_KEY_UILaunchScreen_Generation[sdk=iphoneos*]" = YES;
				"INFOPLIST_KEY_UILaunchScreen_Generation[sdk=iphonesimulator*]" = YES;
				"INFOPLIST_KEY_UIStatusBarStyle[sdk=iphoneos*]" = UIStatusBarStyleDefault;
				"INFOPLIST_KEY_UIStatusBarStyle[sdk=iphonesimulator*]" = UIStatusBarStyleDefault;
				INFOPLIST_KEY_UISupportedInterfaceOrientations_iPad = "UIInterfaceOrientationPortrait UIInterfaceOrientationPortraitUpsideDown UIInterfaceOrientationLandscapeLeft UIInterfaceOrientationLandscapeRight";
				INFOPLIST_KEY_UISupportedInterfaceOrientations_iPhone = "UIInterfaceOrientationPortrait UIInterfaceOrientationLandscapeLeft UIInterfaceOrientationLandscapeRight";
				IPHONEOS_DEPLOYMENT_TARGET = 16.4;
				LD_RUNPATH_SEARCH_PATHS = "@executable_path/Frameworks";
				"LD_RUNPATH_SEARCH_PATHS[sdk=macosx*]" = "@executable_path/../Frameworks";
				MACOSX_DEPLOYMENT_TARGET = 13.3;
				MARKETING_VERSION = 1.0;
				PRODUCT_BUNDLE_IDENTIFIER = AsgeY.WorldPopulation;
				PRODUCT_NAME = "$(TARGET_NAME)";
				SDKROOT = auto;
				SUPPORTED_PLATFORMS = "iphoneos iphonesimulator macosx";
				SWIFT_EMIT_LOC_STRINGS = YES;
				SWIFT_VERSION = 5.0;
				TARGETED_DEVICE_FAMILY = "1,2";
			};
			name = Debug;
		};
		D9F3707229DD017100B1B727 /* Release */ = {
			isa = XCBuildConfiguration;
			buildSettings = {
				ASSETCATALOG_COMPILER_APPICON_NAME = AppIcon;
				ASSETCATALOG_COMPILER_GLOBAL_ACCENT_COLOR_NAME = AccentColor;
				CODE_SIGN_ENTITLEMENTS = WorldPopulation/WorldPopulation.entitlements;
				CODE_SIGN_STYLE = Automatic;
				CURRENT_PROJECT_VERSION = 1;
				DEVELOPMENT_ASSET_PATHS = "\"WorldPopulation/Preview Content\"";
				DEVELOPMENT_TEAM = V8SF8848QZ;
				ENABLE_HARDENED_RUNTIME = YES;
				ENABLE_PREVIEWS = YES;
				GENERATE_INFOPLIST_FILE = YES;
				"INFOPLIST_KEY_UIApplicationSceneManifest_Generation[sdk=iphoneos*]" = YES;
				"INFOPLIST_KEY_UIApplicationSceneManifest_Generation[sdk=iphonesimulator*]" = YES;
				"INFOPLIST_KEY_UIApplicationSupportsIndirectInputEvents[sdk=iphoneos*]" = YES;
				"INFOPLIST_KEY_UIApplicationSupportsIndirectInputEvents[sdk=iphonesimulator*]" = YES;
				"INFOPLIST_KEY_UILaunchScreen_Generation[sdk=iphoneos*]" = YES;
				"INFOPLIST_KEY_UILaunchScreen_Generation[sdk=iphonesimulator*]" = YES;
				"INFOPLIST_KEY_UIStatusBarStyle[sdk=iphoneos*]" = UIStatusBarStyleDefault;
				"INFOPLIST_KEY_UIStatusBarStyle[sdk=iphonesimulator*]" = UIStatusBarStyleDefault;
				INFOPLIST_KEY_UISupportedInterfaceOrientations_iPad = "UIInterfaceOrientationPortrait UIInterfaceOrientationPortraitUpsideDown UIInterfaceOrientationLandscapeLeft UIInterfaceOrientationLandscapeRight";
				INFOPLIST_KEY_UISupportedInterfaceOrientations_iPhone = "UIInterfaceOrientationPortrait UIInterfaceOrientationLandscapeLeft UIInterfaceOrientationLandscapeRight";
				IPHONEOS_DEPLOYMENT_TARGET = 16.4;
				LD_RUNPATH_SEARCH_PATHS = "@executable_path/Frameworks";
				"LD_RUNPATH_SEARCH_PATHS[sdk=macosx*]" = "@executable_path/../Frameworks";
				MACOSX_DEPLOYMENT_TARGET = 13.3;
				MARKETING_VERSION = 1.0;
				PRODUCT_BUNDLE_IDENTIFIER = AsgeY.WorldPopulation;
				PRODUCT_NAME = "$(TARGET_NAME)";
				SDKROOT = auto;
				SUPPORTED_PLATFORMS = "iphoneos iphonesimulator macosx";
				SWIFT_EMIT_LOC_STRINGS = YES;
				SWIFT_VERSION = 5.0;
				TARGETED_DEVICE_FAMILY = "1,2";
			};
			name = Release;
		};
/* End XCBuildConfiguration section */

/* Begin XCConfigurationList section */
		D9F3705C29DD016F00B1B727 /* Build configuration list for PBXProject "WorldPopulation" */ = {
			isa = XCConfigurationList;
			buildConfigurations = (
				D9F3706E29DD017100B1B727 /* Debug */,
				D9F3706F29DD017100B1B727 /* Release */,
			);
			defaultConfigurationIsVisible = 0;
			defaultConfigurationName = Release;
		};
		D9F3707029DD017100B1B727 /* Build configuration list for PBXNativeTarget "WorldPopulation" */ = {
			isa = XCConfigurationList;
			buildConfigurations = (
				D9F3707129DD017100B1B727 /* Debug */,
				D9F3707229DD017100B1B727 /* Release */,
			);
			defaultConfigurationIsVisible = 0;
			defaultConfigurationName = Release;
		};
/* End XCConfigurationList section */

/* Begin XCRemoteSwiftPackageReference section */
		D9F3708129DD2D2300B1B727 /* XCRemoteSwiftPackageReference "SDWebImageSwiftUI" */ = {
			isa = XCRemoteSwiftPackageReference;
			repositoryURL = "https://github.com/SDWebImage/SDWebImageSwiftUI.git";
			requirement = {
				kind = upToNextMajorVersion;
				minimumVersion = 2.0.0;
			};
		};
/* End XCRemoteSwiftPackageReference section */

/* Begin XCSwiftPackageProductDependency section */
		D9F3708229DD2D2300B1B727 /* SDWebImageSwiftUI */ = {
			isa = XCSwiftPackageProductDependency;
			package = D9F3708129DD2D2300B1B727 /* XCRemoteSwiftPackageReference "SDWebImageSwiftUI" */;
			productName = SDWebImageSwiftUI;
		};
/* End XCSwiftPackageProductDependency section */
	};
	rootObject = D9F3705929DD016F00B1B727 /* Project object */;
}
